
Microsoft Visual Studio Solution File, Format Version 12.00
# Visual Studio Version 17
VisualStudioVersion = 17.5.33502.453
MinimumVisualStudioVersion = 10.0.40219.1
Project("{FAE04EC0-301F-11D3-BF4B-00C04F79EFBC}") = "MfMadi", "MfMadi\MfMadi.csproj", "{7A0674BE-5033-4E3F-9FD9-881D9ECCDDA8}"
EndProject
Project("{FAE04EC0-301F-11D3-BF4B-00C04F79EFBC}") = "DomainService", "DomainService\DomainService.csproj", "{75F842BE-DC43-4A71-9A63-8C311942D422}"
EndProject
Global
	GlobalSection(SolutionConfigurationPlatforms) = preSolution
		Debug|Any CPU = Debug|Any CPU
		Release|Any CPU = Release|Any CPU
	EndGlobalSection
	GlobalSection(ProjectConfigurationPlatforms) = postSolution
		{7A0674BE-5033-4E3F-9FD9-881D9ECCDDA8}.Debug|Any CPU.ActiveCfg = Debug|Any CPU
		{7A0674BE-5033-4E3F-9FD9-881D9ECCDDA8}.Debug|Any CPU.Build.0 = Debug|Any CPU
		{7A0674BE-5033-4E3F-9FD9-881D9ECCDDA8}.Release|Any CPU.ActiveCfg = Release|Any CPU
		{7A0674BE-5033-4E3F-9FD9-881D9ECCDDA8}.Release|Any CPU.Build.0 = Release|Any CPU
		{75F842BE-DC43-4A71-9A63-8C311942D422}.Debug|Any CPU.ActiveCfg = Debug|Any CPU
		{75F842BE-DC43-4A71-9A63-8C311942D422}.Debug|Any CPU.Build.0 = Debug|Any CPU
		{75F842BE-DC43-4A71-9A63-8C311942D422}.Release|Any CPU.ActiveCfg = Release|Any CPU
		{75F842BE-DC43-4A71-9A63-8C311942D422}.Release|Any CPU.Build.0 = Release|Any CPU
	EndGlobalSection
	GlobalSection(SolutionProperties) = preSolution
		HideSolutionNode = FALSE
	EndGlobalSection
	GlobalSection(ExtensibilityGlobals) = postSolution
		SolutionGuid = {5BD062EC-98B1-4A48-9B3B-DB17BB2B645C}
	EndGlobalSection
EndGlobal
